// !$*UTF8*$!
{
	archiveVersion = 1;
	classes = {
	};
	objectVersion = 46;
	objects = {

/* Begin PBXBuildFile section */
		A663506C1B1F6E8A00BEC848 /* MCNotificationController.h in Headers */ = {isa = PBXBuildFile; fileRef = A663506B1B1F6E8A00BEC848 /* MCNotificationController.h */; settings = {ATTRIBUTES = (Public, ); }; };
		A66350721B1F6E8A00BEC848 /* NotificationController.framework in Frameworks */ = {isa = PBXBuildFile; fileRef = A66350671B1F6E8A00BEC848 /* NotificationController.framework */; };
		A66350791B1F6E8A00BEC848 /* NotificationControllerDrewTests.m in Sources */ = {isa = PBXBuildFile; fileRef = A66350781B1F6E8A00BEC848 /* NotificationControllerDrewTests.m */; };
		A66350811B1F6ED600BEC848 /* MCNotificationController.m in Sources */ = {isa = PBXBuildFile; fileRef = A66350801B1F6ED600BEC848 /* MCNotificationController.m */; };
		A6D803BD1B1F9BAD00C6701A /* NSObject+MCNotificationController.h in Headers */ = {isa = PBXBuildFile; fileRef = A6D803BB1B1F9BAD00C6701A /* NSObject+MCNotificationController.h */; };
		A6D803BE1B1F9BAD00C6701A /* NSObject+MCNotificationController.m in Sources */ = {isa = PBXBuildFile; fileRef = A6D803BC1B1F9BAD00C6701A /* NSObject+MCNotificationController.m */; };
/* End PBXBuildFile section */

/* Begin PBXContainerItemProxy section */
		A66350731B1F6E8A00BEC848 /* PBXContainerItemProxy */ = {
			isa = PBXContainerItemProxy;
			containerPortal = A663501F1B1F6D7000BEC848 /* Project object */;
			proxyType = 1;
			remoteGlobalIDString = A66350661B1F6E8A00BEC848;
			remoteInfo = NotificationController;
		};
/* End PBXContainerItemProxy section */

/* Begin PBXFileReference section */
		A66350671B1F6E8A00BEC848 /* NotificationController.framework */ = {isa = PBXFileReference; explicitFileType = wrapper.framework; includeInIndex = 0; path = NotificationController.framework; sourceTree = BUILT_PRODUCTS_DIR; };
		A663506A1B1F6E8A00BEC848 /* Info.plist */ = {isa = PBXFileReference; lastKnownFileType = text.plist.xml; path = Info.plist; sourceTree = "<group>"; };
		A663506B1B1F6E8A00BEC848 /* MCNotificationController.h */ = {isa = PBXFileReference; lastKnownFileType = sourcecode.c.h; path = MCNotificationController.h; sourceTree = "<group>"; };
		A66350711B1F6E8A00BEC848 /* NotificationControllerTests.xctest */ = {isa = PBXFileReference; explicitFileType = wrapper.cfbundle; includeInIndex = 0; path = NotificationControllerTests.xctest; sourceTree = BUILT_PRODUCTS_DIR; };
		A66350771B1F6E8A00BEC848 /* Info.plist */ = {isa = PBXFileReference; lastKnownFileType = text.plist.xml; path = Info.plist; sourceTree = "<group>"; };
		A66350781B1F6E8A00BEC848 /* NotificationControllerDrewTests.m */ = {isa = PBXFileReference; lastKnownFileType = sourcecode.c.objc; path = NotificationControllerDrewTests.m; sourceTree = "<group>"; };
		A66350801B1F6ED600BEC848 /* MCNotificationController.m */ = {isa = PBXFileReference; fileEncoding = 4; lastKnownFileType = sourcecode.c.objc; path = MCNotificationController.m; sourceTree = "<group>"; };
		A6D803BB1B1F9BAD00C6701A /* NSObject+MCNotificationController.h */ = {isa = PBXFileReference; fileEncoding = 4; lastKnownFileType = sourcecode.c.h; path = "NSObject+MCNotificationController.h"; sourceTree = "<group>"; };
		A6D803BC1B1F9BAD00C6701A /* NSObject+MCNotificationController.m */ = {isa = PBXFileReference; fileEncoding = 4; lastKnownFileType = sourcecode.c.objc; path = "NSObject+MCNotificationController.m"; sourceTree = "<group>"; };
/* End PBXFileReference section */

/* Begin PBXFrameworksBuildPhase section */
		A66350631B1F6E8A00BEC848 /* Frameworks */ = {
			isa = PBXFrameworksBuildPhase;
			buildActionMask = 2147483647;
			files = (
			);
			runOnlyForDeploymentPostprocessing = 0;
		};
		A663506E1B1F6E8A00BEC848 /* Frameworks */ = {
			isa = PBXFrameworksBuildPhase;
			buildActionMask = 2147483647;
			files = (
				A66350721B1F6E8A00BEC848 /* NotificationController.framework in Frameworks */,
			);
			runOnlyForDeploymentPostprocessing = 0;
		};
/* End PBXFrameworksBuildPhase section */

/* Begin PBXGroup section */
		A663501E1B1F6D7000BEC848 = {
			isa = PBXGroup;
			children = (
				A66350681B1F6E8A00BEC848 /* NotificationController */,
				A66350751B1F6E8A00BEC848 /* NotificationControllerTests */,
				A663502B1B1F6D7C00BEC848 /* Products */,
			);
			sourceTree = "<group>";
		};
		A663502B1B1F6D7C00BEC848 /* Products */ = {
			isa = PBXGroup;
			children = (
				A66350671B1F6E8A00BEC848 /* NotificationController.framework */,
				A66350711B1F6E8A00BEC848 /* NotificationControllerTests.xctest */,
			);
			name = Products;
			sourceTree = "<group>";
		};
		A66350681B1F6E8A00BEC848 /* NotificationController */ = {
			isa = PBXGroup;
			children = (
				A6D803BB1B1F9BAD00C6701A /* NSObject+MCNotificationController.h */,
				A6D803BC1B1F9BAD00C6701A /* NSObject+MCNotificationController.m */,
				A663506B1B1F6E8A00BEC848 /* MCNotificationController.h */,
				A66350801B1F6ED600BEC848 /* MCNotificationController.m */,
				A66350691B1F6E8A00BEC848 /* Supporting Files */,
			);
			path = NotificationController;
			sourceTree = "<group>";
		};
		A66350691B1F6E8A00BEC848 /* Supporting Files */ = {
			isa = PBXGroup;
			children = (
				A663506A1B1F6E8A00BEC848 /* Info.plist */,
			);
			name = "Supporting Files";
			sourceTree = "<group>";
		};
		A66350751B1F6E8A00BEC848 /* NotificationControllerTests */ = {
			isa = PBXGroup;
			children = (
				A66350781B1F6E8A00BEC848 /* NotificationControllerDrewTests.m */,
				A66350761B1F6E8A00BEC848 /* Supporting Files */,
			);
			path = NotificationControllerTests;
			sourceTree = "<group>";
		};
		A66350761B1F6E8A00BEC848 /* Supporting Files */ = {
			isa = PBXGroup;
			children = (
				A66350771B1F6E8A00BEC848 /* Info.plist */,
			);
			name = "Supporting Files";
			sourceTree = "<group>";
		};
/* End PBXGroup section */

/* Begin PBXHeadersBuildPhase section */
		A66350641B1F6E8A00BEC848 /* Headers */ = {
			isa = PBXHeadersBuildPhase;
			buildActionMask = 2147483647;
			files = (
				A663506C1B1F6E8A00BEC848 /* MCNotificationController.h in Headers */,
				A6D803BD1B1F9BAD00C6701A /* NSObject+MCNotificationController.h in Headers */,
			);
			runOnlyForDeploymentPostprocessing = 0;
		};
/* End PBXHeadersBuildPhase section */

/* Begin PBXNativeTarget section */
		A66350661B1F6E8A00BEC848 /* NotificationController */ = {
			isa = PBXNativeTarget;
			buildConfigurationList = A663507A1B1F6E8A00BEC848 /* Build configuration list for PBXNativeTarget "NotificationController" */;
			buildPhases = (
				A66350621B1F6E8A00BEC848 /* Sources */,
				A66350631B1F6E8A00BEC848 /* Frameworks */,
				A66350641B1F6E8A00BEC848 /* Headers */,
				A66350651B1F6E8A00BEC848 /* Resources */,
			);
			buildRules = (
			);
			dependencies = (
			);
			name = NotificationController;
			productName = NotificationController;
			productReference = A66350671B1F6E8A00BEC848 /* NotificationController.framework */;
			productType = "com.apple.product-type.framework";
		};
		A66350701B1F6E8A00BEC848 /* NotificationControllerTests */ = {
			isa = PBXNativeTarget;
			buildConfigurationList = A663507D1B1F6E8A00BEC848 /* Build configuration list for PBXNativeTarget "NotificationControllerTests" */;
			buildPhases = (
				A663506D1B1F6E8A00BEC848 /* Sources */,
				A663506E1B1F6E8A00BEC848 /* Frameworks */,
				A663506F1B1F6E8A00BEC848 /* Resources */,
			);
			buildRules = (
			);
			dependencies = (
				A66350741B1F6E8A00BEC848 /* PBXTargetDependency */,
			);
			name = NotificationControllerTests;
			productName = NotificationControllerTests;
			productReference = A66350711B1F6E8A00BEC848 /* NotificationControllerTests.xctest */;
			productType = "com.apple.product-type.bundle.unit-test";
		};
/* End PBXNativeTarget section */

/* Begin PBXProject section */
		A663501F1B1F6D7000BEC848 /* Project object */ = {
			isa = PBXProject;
			attributes = {
				LastUpgradeCheck = 0630;
				TargetAttributes = {
					A66350661B1F6E8A00BEC848 = {
						CreatedOnToolsVersion = 6.3.1;
					};
					A66350701B1F6E8A00BEC848 = {
						CreatedOnToolsVersion = 6.3.1;
					};
				};
			};
			buildConfigurationList = A66350221B1F6D7000BEC848 /* Build configuration list for PBXProject "NotificationController" */;
			compatibilityVersion = "Xcode 3.2";
			developmentRegion = English;
			hasScannedForEncodings = 0;
			knownRegions = (
				en,
			);
			mainGroup = A663501E1B1F6D7000BEC848;
			productRefGroup = A663502B1B1F6D7C00BEC848 /* Products */;
			projectDirPath = "";
			projectRoot = "";
			targets = (
				A66350661B1F6E8A00BEC848 /* NotificationController */,
				A66350701B1F6E8A00BEC848 /* NotificationControllerTests */,
			);
		};
/* End PBXProject section */

/* Begin PBXResourcesBuildPhase section */
		A66350651B1F6E8A00BEC848 /* Resources */ = {
			isa = PBXResourcesBuildPhase;
			buildActionMask = 2147483647;
			files = (
			);
			runOnlyForDeploymentPostprocessing = 0;
		};
		A663506F1B1F6E8A00BEC848 /* Resources */ = {
			isa = PBXResourcesBuildPhase;
			buildActionMask = 2147483647;
			files = (
			);
			runOnlyForDeploymentPostprocessing = 0;
		};
/* End PBXResourcesBuildPhase section */

/* Begin PBXSourcesBuildPhase section */
		A66350621B1F6E8A00BEC848 /* Sources */ = {
			isa = PBXSourcesBuildPhase;
			buildActionMask = 2147483647;
			files = (
				A66350811B1F6ED600BEC848 /* MCNotificationController.m in Sources */,
				A6D803BE1B1F9BAD00C6701A /* NSObject+MCNotificationController.m in Sources */,
			);
			runOnlyForDeploymentPostprocessing = 0;
		};
		A663506D1B1F6E8A00BEC848 /* Sources */ = {
			isa = PBXSourcesBuildPhase;
			buildActionMask = 2147483647;
			files = (
				A66350791B1F6E8A00BEC848 /* NotificationControllerDrewTests.m in Sources */,
			);
			runOnlyForDeploymentPostprocessing = 0;
		};
/* End PBXSourcesBuildPhase section */

/* Begin PBXTargetDependency section */
		A66350741B1F6E8A00BEC848 /* PBXTargetDependency */ = {
			isa = PBXTargetDependency;
			target = A66350661B1F6E8A00BEC848 /* NotificationController */;
			targetProxy = A66350731B1F6E8A00BEC848 /* PBXContainerItemProxy */;
		};
/* End PBXTargetDependency section */

/* Begin XCBuildConfiguration section */
		A66350231B1F6D7000BEC848 /* Debug */ = {
			isa = XCBuildConfiguration;
			buildSettings = {
			};
			name = Debug;
		};
		A66350241B1F6D7000BEC848 /* Release */ = {
			isa = XCBuildConfiguration;
			buildSettings = {
			};
			name = Release;
		};
		A663507B1B1F6E8A00BEC848 /* Debug */ = {
			isa = XCBuildConfiguration;
			buildSettings = {
				ALWAYS_SEARCH_USER_PATHS = NO;
				CLANG_CXX_LANGUAGE_STANDARD = "gnu++0x";
				CLANG_CXX_LIBRARY = "libc++";
				CLANG_ENABLE_MODULES = YES;
				CLANG_ENABLE_OBJC_ARC = YES;
				CLANG_WARN_BOOL_CONVERSION = YES;
				CLANG_WARN_CONSTANT_CONVERSION = YES;
				CLANG_WARN_DIRECT_OBJC_ISA_USAGE = YES_ERROR;
				CLANG_WARN_EMPTY_BODY = YES;
				CLANG_WARN_ENUM_CONVERSION = YES;
				CLANG_WARN_INT_CONVERSION = YES;
				CLANG_WARN_OBJC_ROOT_CLASS = YES_ERROR;
				CLANG_WARN_UNREACHABLE_CODE = YES;
				CLANG_WARN__DUPLICATE_METHOD_MATCH = YES;
				"CODE_SIGN_IDENTITY[sdk=iphoneos*]" = "iPhone Developer";
				COPY_PHASE_STRIP = NO;
				CURRENT_PROJECT_VERSION = 1;
				DEBUG_INFORMATION_FORMAT = "dwarf-with-dsym";
				DEFINES_MODULE = YES;
				DYLIB_COMPATIBILITY_VERSION = 1;
				DYLIB_CURRENT_VERSION = 1;
				DYLIB_INSTALL_NAME_BASE = "@rpath";
				ENABLE_STRICT_OBJC_MSGSEND = YES;
				GCC_C_LANGUAGE_STANDARD = gnu99;
				GCC_DYNAMIC_NO_PIC = NO;
				GCC_NO_COMMON_BLOCKS = YES;
				GCC_OPTIMIZATION_LEVEL = 0;
				GCC_PREPROCESSOR_DEFINITIONS = (
					"DEBUG=1",
					"$(inherited)",
				);
				GCC_SYMBOLS_PRIVATE_EXTERN = NO;
				GCC_WARN_64_TO_32_BIT_CONVERSION = YES;
				GCC_WARN_ABOUT_RETURN_TYPE = YES_ERROR;
				GCC_WARN_UNDECLARED_SELECTOR = YES;
				GCC_WARN_UNINITIALIZED_AUTOS = YES_AGGRESSIVE;
				GCC_WARN_UNUSED_FUNCTION = YES;
				GCC_WARN_UNUSED_VARIABLE = YES;
				INFOPLIST_FILE = NotificationController/Info.plist;
				INSTALL_PATH = "$(LOCAL_LIBRARY_DIR)/Frameworks";
				IPHONEOS_DEPLOYMENT_TARGET = 8.3;
				LD_RUNPATH_SEARCH_PATHS = "$(inherited) @executable_path/Frameworks @loader_path/Frameworks";
				MTL_ENABLE_DEBUG_INFO = YES;
				ONLY_ACTIVE_ARCH = YES;
				PRODUCT_NAME = "$(TARGET_NAME)";
				SDKROOT = iphoneos;
				SKIP_INSTALL = YES;
				SWIFT_OPTIMIZATION_LEVEL = "-Onone";
				TARGETED_DEVICE_FAMILY = "1,2";
				VERSIONING_SYSTEM = "apple-generic";
				VERSION_INFO_PREFIX = "";
			};
			name = Debug;
		};
		A663507C1B1F6E8A00BEC848 /* Release */ = {
			isa = XCBuildConfiguration;
			buildSettings = {
				ALWAYS_SEARCH_USER_PATHS = NO;
				CLANG_CXX_LANGUAGE_STANDARD = "gnu++0x";
				CLANG_CXX_LIBRARY = "libc++";
				CLANG_ENABLE_MODULES = YES;
				CLANG_ENABLE_OBJC_ARC = YES;
				CLANG_WARN_BOOL_CONVERSION = YES;
				CLANG_WARN_CONSTANT_CONVERSION = YES;
				CLANG_WARN_DIRECT_OBJC_ISA_USAGE = YES_ERROR;
				CLANG_WARN_EMPTY_BODY = YES;
				CLANG_WARN_ENUM_CONVERSION = YES;
				CLANG_WARN_INT_CONVERSION = YES;
				CLANG_WARN_OBJC_ROOT_CLASS = YES_ERROR;
				CLANG_WARN_UNREACHABLE_CODE = YES;
				CLANG_WARN__DUPLICATE_METHOD_MATCH = YES;
				"CODE_SIGN_IDENTITY[sdk=iphoneos*]" = "iPhone Developer";
				COPY_PHASE_STRIP = NO;
				CURRENT_PROJECT_VERSION = 1;
				DEBUG_INFORMATION_FORMAT = "dwarf-with-dsym";
				DEFINES_MODULE = YES;
				DYLIB_COMPATIBILITY_VERSION = 1;
				DYLIB_CURRENT_VERSION = 1;
				DYLIB_INSTALL_NAME_BASE = "@rpath";
				ENABLE_NS_ASSERTIONS = NO;
				ENABLE_STRICT_OBJC_MSGSEND = YES;
				GCC_C_LANGUAGE_STANDARD = gnu99;
				GCC_NO_COMMON_BLOCKS = YES;
				GCC_WARN_64_TO_32_BIT_CONVERSION = YES;
				GCC_WARN_ABOUT_RETURN_TYPE = YES_ERROR;
				GCC_WARN_UNDECLARED_SELECTOR = YES;
				GCC_WARN_UNINITIALIZED_AUTOS = YES_AGGRESSIVE;
				GCC_WARN_UNUSED_FUNCTION = YES;
				GCC_WARN_UNUSED_VARIABLE = YES;
				INFOPLIST_FILE = NotificationController/Info.plist;
				INSTALL_PATH = "$(LOCAL_LIBRARY_DIR)/Frameworks";
				IPHONEOS_DEPLOYMENT_TARGET = 8.3;
				LD_RUNPATH_SEARCH_PATHS = "$(inherited) @executable_path/Frameworks @loader_path/Frameworks";
				MTL_ENABLE_DEBUG_INFO = NO;
				PRODUCT_NAME = "$(TARGET_NAME)";
				SDKROOT = iphoneos;
				SKIP_INSTALL = YES;
				TARGETED_DEVICE_FAMILY = "1,2";
				VALIDATE_PRODUCT = YES;
				VERSIONING_SYSTEM = "apple-generic";
				VERSION_INFO_PREFIX = "";
			};
			name = Release;
		};
		A663507E1B1F6E8A00BEC848 /* Debug */ = {
			isa = XCBuildConfiguration;
			buildSettings = {
				ALWAYS_SEARCH_USER_PATHS = NO;
				CLANG_CXX_LANGUAGE_STANDARD = "gnu++0x";
				CLANG_CXX_LIBRARY = "libc++";
				CLANG_ENABLE_MODULES = YES;
				CLANG_ENABLE_OBJC_ARC = YES;
				CLANG_WARN_BOOL_CONVERSION = YES;
				CLANG_WARN_CONSTANT_CONVERSION = YES;
				CLANG_WARN_DIRECT_OBJC_ISA_USAGE = YES_ERROR;
				CLANG_WARN_EMPTY_BODY = YES;
				CLANG_WARN_ENUM_CONVERSION = YES;
				CLANG_WARN_INT_CONVERSION = YES;
				CLANG_WARN_OBJC_ROOT_CLASS = YES_ERROR;
				CLANG_WARN_UNREACHABLE_CODE = YES;
				CLANG_WARN__DUPLICATE_METHOD_MATCH = YES;
				"CODE_SIGN_IDENTITY[sdk=iphoneos*]" = "iPhone Developer";
				COPY_PHASE_STRIP = NO;
				DEBUG_INFORMATION_FORMAT = "dwarf-with-dsym";
				ENABLE_STRICT_OBJC_MSGSEND = YES;
				FRAMEWORK_SEARCH_PATHS = (
					"$(SDKROOT)/Developer/Library/Frameworks",
					"$(inherited)",
				);
				GCC_C_LANGUAGE_STANDARD = gnu99;
				GCC_DYNAMIC_NO_PIC = NO;
				GCC_NO_COMMON_BLOCKS = YES;
				GCC_OPTIMIZATION_LEVEL = 0;
				GCC_PREPROCESSOR_DEFINITIONS = (
					"DEBUG=1",
					"$(inherited)",
				);
				GCC_SYMBOLS_PRIVATE_EXTERN = NO;
				GCC_WARN_64_TO_32_BIT_CONVERSION = YES;
				GCC_WARN_ABOUT_RETURN_TYPE = YES_ERROR;
				GCC_WARN_UNDECLARED_SELECTOR = YES;
				GCC_WARN_UNINITIALIZED_AUTOS = YES_AGGRESSIVE;
				GCC_WARN_UNUSED_FUNCTION = YES;
				GCC_WARN_UNUSED_VARIABLE = YES;
				INFOPLIST_FILE = NotificationControllerTests/Info.plist;
				IPHONEOS_DEPLOYMENT_TARGET = 8.3;
				LD_RUNPATH_SEARCH_PATHS = "$(inherited) @executable_path/Frameworks @loader_path/Frameworks";
				MTL_ENABLE_DEBUG_INFO = YES;
				ONLY_ACTIVE_ARCH = YES;
				PRODUCT_NAME = "$(TARGET_NAME)";
				SDKROOT = iphoneos;
			};
			name = Debug;
		};
		A663507F1B1F6E8A00BEC848 /* Release */ = {
			isa = XCBuildConfiguration;
			buildSettings = {
				ALWAYS_SEARCH_USER_PATHS = NO;
				CLANG_CXX_LANGUAGE_STANDARD = "gnu++0x";
				CLANG_CXX_LIBRARY = "libc++";
				CLANG_ENABLE_MODULES = YES;
				CLANG_ENABLE_OBJC_ARC = YES;
				CLANG_WARN_BOOL_CONVERSION = YES;
				CLANG_WARN_CONSTANT_CONVERSION = YES;
				CLANG_WARN_DIRECT_OBJC_ISA_USAGE = YES_ERROR;
				CLANG_WARN_EMPTY_BODY = YES;
				CLANG_WARN_ENUM_CONVERSION = YES;
				CLANG_WARN_INT_CONVERSION = YES;
				CLANG_WARN_OBJC_ROOT_CLASS = YES_ERROR;
				CLANG_WARN_UNREACHABLE_CODE = YES;
				CLANG_WARN__DUPLICATE_METHOD_MATCH = YES;
				"CODE_SIGN_IDENTITY[sdk=iphoneos*]" = "iPhone Developer";
				COPY_PHASE_STRIP = NO;
				DEBUG_INFORMATION_FORMAT = "dwarf-with-dsym";
				ENABLE_NS_ASSERTIONS = NO;
				ENABLE_STRICT_OBJC_MSGSEND = YES;
				FRAMEWORK_SEARCH_PATHS = (
					"$(SDKROOT)/Developer/Library/Frameworks",
					"$(inherited)",
				);
				GCC_C_LANGUAGE_STANDARD = gnu99;
				GCC_NO_COMMON_BLOCKS = YES;
				GCC_WARN_64_TO_32_BIT_CONVERSION = YES;
				GCC_WARN_ABOUT_RETURN_TYPE = YES_ERROR;
				GCC_WARN_UNDECLARED_SELECTOR = YES;
				GCC_WARN_UNINITIALIZED_AUTOS = YES_AGGRESSIVE;
				GCC_WARN_UNUSED_FUNCTION = YES;
				GCC_WARN_UNUSED_VARIABLE = YES;
				INFOPLIST_FILE = NotificationControllerTests/Info.plist;
				IPHONEOS_DEPLOYMENT_TARGET = 8.3;
				LD_RUNPATH_SEARCH_PATHS = "$(inherited) @executable_path/Frameworks @loader_path/Frameworks";
				MTL_ENABLE_DEBUG_INFO = NO;
				PRODUCT_NAME = "$(TARGET_NAME)";
				SDKROOT = iphoneos;
				VALIDATE_PRODUCT = YES;
			};
			name = Release;
		};
/* End XCBuildConfiguration section */

/* Begin XCConfigurationList section */
		A66350221B1F6D7000BEC848 /* Build configuration list for PBXProject "NotificationController" */ = {
			isa = XCConfigurationList;
			buildConfigurations = (
				A66350231B1F6D7000BEC848 /* Debug */,
				A66350241B1F6D7000BEC848 /* Release */,
			);
			defaultConfigurationIsVisible = 0;
			defaultConfigurationName = Release;
		};
		A663507A1B1F6E8A00BEC848 /* Build configuration list for PBXNativeTarget "NotificationController" */ = {
			isa = XCConfigurationList;
			buildConfigurations = (
				A663507B1B1F6E8A00BEC848 /* Debug */,
				A663507C1B1F6E8A00BEC848 /* Release */,
			);
			defaultConfigurationIsVisible = 0;
			defaultConfigurationName = Release;
		};
		A663507D1B1F6E8A00BEC848 /* Build configuration list for PBXNativeTarget "NotificationControllerTests" */ = {
			isa = XCConfigurationList;
			buildConfigurations = (
				A663507E1B1F6E8A00BEC848 /* Debug */,
				A663507F1B1F6E8A00BEC848 /* Release */,
			);
			defaultConfigurationIsVisible = 0;
			defaultConfigurationName = Release;
		};
/* End XCConfigurationList section */
	};
	rootObject = A663501F1B1F6D7000BEC848 /* Project object */;
}
